
Microsoft Visual Studio Solution File, Format Version 12.00
# Visual Studio 15
VisualStudioVersion = 15.0.26730.16
MinimumVisualStudioVersion = 10.0.40219.1
Project("{FAE04EC0-301F-11D3-BF4B-00C04F79EFBC}") = "chiko1", "chiko1\chiko1.csproj", "{ABB3C430-2191-4EAE-BFF0-E27C3F49DC2A}"
EndProject
Global
	GlobalSection(SolutionConfigurationPlatforms) = preSolution
		Debug|Any CPU = Debug|Any CPU
		Release|Any CPU = Release|Any CPU
	EndGlobalSection
	GlobalSection(ProjectConfigurationPlatforms) = postSolution
		{ABB3C430-2191-4EAE-BFF0-E27C3F49DC2A}.Debug|Any CPU.ActiveCfg = Debug|Any CPU
		{ABB3C430-2191-4EAE-BFF0-E27C3F49DC2A}.Debug|Any CPU.Build.0 = Debug|Any CPU
		{ABB3C430-2191-4EAE-BFF0-E27C3F49DC2A}.Release|Any CPU.ActiveCfg = Release|Any CPU
		{ABB3C430-2191-4EAE-BFF0-E27C3F49DC2A}.Release|Any CPU.Build.0 = Release|Any CPU
	EndGlobalSection
	GlobalSection(SolutionProperties) = preSolution
		HideSolutionNode = FALSE
	EndGlobalSection
	GlobalSection(ExtensibilityGlobals) = postSolution
		SolutionGuid = {83D3D99B-B31F-488E-B5A2-34C0FA33463C}
	EndGlobalSection
EndGlobal
